// !$*UTF8*$!
{
	archiveVersion = 1;
	classes = {
	};
	objectVersion = 56;
	objects = {

/* Begin PBXBuildFile section */
		042ABC342B7526F6009241F2 /* Constants.swift in Sources */ = {isa = PBXBuildFile; fileRef = 042ABC332B7526F6009241F2 /* Constants.swift */; };
		042FA5CE2B57FD7300C44809 /* BullseyeApp.swift in Sources */ = {isa = PBXBuildFile; fileRef = 042FA5CD2B57FD7300C44809 /* BullseyeApp.swift */; };
		042FA5D02B57FD7300C44809 /* ContentView.swift in Sources */ = {isa = PBXBuildFile; fileRef = 042FA5CF2B57FD7300C44809 /* ContentView.swift */; };
		042FA5D22B57FD7500C44809 /* Assets.xcassets in Resources */ = {isa = PBXBuildFile; fileRef = 042FA5D12B57FD7500C44809 /* Assets.xcassets */; };
		042FA5DF2B582C2A00C44809 /* Game.swift in Sources */ = {isa = PBXBuildFile; fileRef = 042FA5DE2B582C2A00C44809 /* Game.swift */; };
		042FA5E72B58347600C44809 /* BullseyeTests.swift in Sources */ = {isa = PBXBuildFile; fileRef = 042FA5E62B58347600C44809 /* BullseyeTests.swift */; };
		042FA5F12B59602600C44809 /* TextViews.swift in Sources */ = {isa = PBXBuildFile; fileRef = 042FA5F02B59602600C44809 /* TextViews.swift */; };
		047776382B5A8B0400BB3081 /* Shapes.swift in Sources */ = {isa = PBXBuildFile; fileRef = 047776372B5A8B0400BB3081 /* Shapes.swift */; };
		0477763C2B5A985100BB3081 /* RoundedViews.swift in Sources */ = {isa = PBXBuildFile; fileRef = 0477763B2B5A985100BB3081 /* RoundedViews.swift */; };
		0477763E2B5AAA5800BB3081 /* BackgroundView.swift in Sources */ = {isa = PBXBuildFile; fileRef = 0477763D2B5AAA5800BB3081 /* BackgroundView.swift */; };
		049865862B72B31600F5A79D /* PointsView.swift in Sources */ = {isa = PBXBuildFile; fileRef = 049865852B72B31600F5A79D /* PointsView.swift */; };
		04B368D42B603B1200C46F90 /* Preview Assets.xcassets in Resources */ = {isa = PBXBuildFile; fileRef = 04B368D32B603B1200C46F90 /* Preview Assets.xcassets */; };
		04E42BDD2B76B82700941373 /* LeaderBoardView.swift in Sources */ = {isa = PBXBuildFile; fileRef = 04E42BDC2B76B82700941373 /* LeaderBoardView.swift */; };
/* End PBXBuildFile section */

/* Begin PBXContainerItemProxy section */
		042FA5E82B58347600C44809 /* PBXContainerItemProxy */ = {
			isa = PBXContainerItemProxy;
			containerPortal = 042FA5C22B57FD7300C44809 /* Project object */;
			proxyType = 1;
			remoteGlobalIDString = 042FA5C92B57FD7300C44809;
			remoteInfo = Bullseye;
		};
/* End PBXContainerItemProxy section */

/* Begin PBXFileReference section */
		042ABC332B7526F6009241F2 /* Constants.swift */ = {isa = PBXFileReference; lastKnownFileType = sourcecode.swift; path = Constants.swift; sourceTree = "<group>"; };
		042FA5CA2B57FD7300C44809 /* Bullseye.app */ = {isa = PBXFileReference; explicitFileType = wrapper.application; includeInIndex = 0; path = Bullseye.app; sourceTree = BUILT_PRODUCTS_DIR; };
		042FA5CD2B57FD7300C44809 /* BullseyeApp.swift */ = {isa = PBXFileReference; lastKnownFileType = sourcecode.swift; path = BullseyeApp.swift; sourceTree = "<group>"; };
		042FA5CF2B57FD7300C44809 /* ContentView.swift */ = {isa = PBXFileReference; lastKnownFileType = sourcecode.swift; path = ContentView.swift; sourceTree = "<group>"; wrapsLines = 1; };
		042FA5D12B57FD7500C44809 /* Assets.xcassets */ = {isa = PBXFileReference; lastKnownFileType = folder.assetcatalog; path = Assets.xcassets; sourceTree = "<group>"; };
		042FA5DE2B582C2A00C44809 /* Game.swift */ = {isa = PBXFileReference; lastKnownFileType = sourcecode.swift; path = Game.swift; sourceTree = "<group>"; };
		042FA5E42B58347600C44809 /* BullseyeTests.xctest */ = {isa = PBXFileReference; explicitFileType = wrapper.cfbundle; includeInIndex = 0; path = BullseyeTests.xctest; sourceTree = BUILT_PRODUCTS_DIR; };
		042FA5E62B58347600C44809 /* BullseyeTests.swift */ = {isa = PBXFileReference; lastKnownFileType = sourcecode.swift; path = BullseyeTests.swift; sourceTree = "<group>"; };
		042FA5F02B59602600C44809 /* TextViews.swift */ = {isa = PBXFileReference; lastKnownFileType = sourcecode.swift; path = TextViews.swift; sourceTree = "<group>"; };
		047776372B5A8B0400BB3081 /* Shapes.swift */ = {isa = PBXFileReference; lastKnownFileType = sourcecode.swift; path = Shapes.swift; sourceTree = "<group>"; };
		0477763B2B5A985100BB3081 /* RoundedViews.swift */ = {isa = PBXFileReference; lastKnownFileType = sourcecode.swift; path = RoundedViews.swift; sourceTree = "<group>"; };
		0477763D2B5AAA5800BB3081 /* BackgroundView.swift */ = {isa = PBXFileReference; lastKnownFileType = sourcecode.swift; path = BackgroundView.swift; sourceTree = "<group>"; };
		049865852B72B31600F5A79D /* PointsView.swift */ = {isa = PBXFileReference; lastKnownFileType = sourcecode.swift; path = PointsView.swift; sourceTree = "<group>"; };
		04B368D32B603B1200C46F90 /* Preview Assets.xcassets */ = {isa = PBXFileReference; lastKnownFileType = folder.assetcatalog; path = "Preview Assets.xcassets"; sourceTree = "<group>"; };
		04E42BDC2B76B82700941373 /* LeaderBoardView.swift */ = {isa = PBXFileReference; lastKnownFileType = sourcecode.swift; path = LeaderBoardView.swift; sourceTree = "<group>"; };
/* End PBXFileReference section */

/* Begin PBXFrameworksBuildPhase section */
		042FA5C72B57FD7300C44809 /* Frameworks */ = {
			isa = PBXFrameworksBuildPhase;
			buildActionMask = 2147483647;
			files = (
			);
			runOnlyForDeploymentPostprocessing = 0;
		};
		042FA5E12B58347600C44809 /* Frameworks */ = {
			isa = PBXFrameworksBuildPhase;
			buildActionMask = 2147483647;
			files = (
			);
			runOnlyForDeploymentPostprocessing = 0;
		};
/* End PBXFrameworksBuildPhase section */

/* Begin PBXGroup section */
		042FA5C12B57FD7300C44809 = {
			isa = PBXGroup;
			children = (
				042FA5CC2B57FD7300C44809 /* Bullseye */,
				04B368CE2B603A6B00C46F90 /* Preview Assets */,
				042FA5E52B58347600C44809 /* BullseyeTests */,
				042FA5CB2B57FD7300C44809 /* Products */,
			);
			sourceTree = "<group>";
		};
		042FA5CB2B57FD7300C44809 /* Products */ = {
			isa = PBXGroup;
			children = (
				042FA5CA2B57FD7300C44809 /* Bullseye.app */,
				042FA5E42B58347600C44809 /* BullseyeTests.xctest */,
			);
			name = Products;
			sourceTree = "<group>";
		};
		042FA5CC2B57FD7300C44809 /* Bullseye */ = {
			isa = PBXGroup;
			children = (
				042FA5DD2B582BDB00C44809 /* App */,
				042FA5DB2B582B9700C44809 /* Models */,
				042FA5DC2B582BB700C44809 /* Views */,
			);
			path = Bullseye;
			sourceTree = "<group>";
		};
		042FA5DB2B582B9700C44809 /* Models */ = {
			isa = PBXGroup;
			children = (
				042FA5DE2B582C2A00C44809 /* Game.swift */,
				042ABC332B7526F6009241F2 /* Constants.swift */,
			);
			path = Models;
			sourceTree = "<group>";
		};
		042FA5DC2B582BB700C44809 /* Views */ = {
			isa = PBXGroup;
			children = (
				042FA5CF2B57FD7300C44809 /* ContentView.swift */,
				042FA5F02B59602600C44809 /* TextViews.swift */,
				047776372B5A8B0400BB3081 /* Shapes.swift */,
				0477763B2B5A985100BB3081 /* RoundedViews.swift */,
				0477763D2B5AAA5800BB3081 /* BackgroundView.swift */,
				049865852B72B31600F5A79D /* PointsView.swift */,
				04E42BDC2B76B82700941373 /* LeaderBoardView.swift */,
			);
			path = Views;
			sourceTree = "<group>";
		};
		042FA5DD2B582BDB00C44809 /* App */ = {
			isa = PBXGroup;
			children = (
				042FA5CD2B57FD7300C44809 /* BullseyeApp.swift */,
				042FA5D12B57FD7500C44809 /* Assets.xcassets */,
			);
			path = App;
			sourceTree = "<group>";
		};
		042FA5E52B58347600C44809 /* BullseyeTests */ = {
			isa = PBXGroup;
			children = (
				042FA5E62B58347600C44809 /* BullseyeTests.swift */,
			);
			path = BullseyeTests;
			sourceTree = "<group>";
		};
		04B368CE2B603A6B00C46F90 /* Preview Assets */ = {
			isa = PBXGroup;
			children = (
				04B368D32B603B1200C46F90 /* Preview Assets.xcassets */,
			);
			path = "Preview Assets";
			sourceTree = "<group>";
		};
/* End PBXGroup section */

/* Begin PBXNativeTarget section */
		042FA5C92B57FD7300C44809 /* Bullseye */ = {
			isa = PBXNativeTarget;
			buildConfigurationList = 042FA5D82B57FD7500C44809 /* Build configuration list for PBXNativeTarget "Bullseye" */;
			buildPhases = (
				042FA5C62B57FD7300C44809 /* Sources */,
				042FA5C72B57FD7300C44809 /* Frameworks */,
				042FA5C82B57FD7300C44809 /* Resources */,
			);
			buildRules = (
			);
			dependencies = (
			);
			name = Bullseye;
			productName = Bullseye;
			productReference = 042FA5CA2B57FD7300C44809 /* Bullseye.app */;
			productType = "com.apple.product-type.application";
		};
		042FA5E32B58347600C44809 /* BullseyeTests */ = {
			isa = PBXNativeTarget;
			buildConfigurationList = 042FA5EA2B58347600C44809 /* Build configuration list for PBXNativeTarget "BullseyeTests" */;
			buildPhases = (
				042FA5E02B58347600C44809 /* Sources */,
				042FA5E12B58347600C44809 /* Frameworks */,
				042FA5E22B58347600C44809 /* Resources */,
			);
			buildRules = (
			);
			dependencies = (
				042FA5E92B58347600C44809 /* PBXTargetDependency */,
			);
			name = BullseyeTests;
			productName = BullseyeTests;
			productReference = 042FA5E42B58347600C44809 /* BullseyeTests.xctest */;
			productType = "com.apple.product-type.bundle.unit-test";
		};
/* End PBXNativeTarget section */

/* Begin PBXProject section */
		042FA5C22B57FD7300C44809 /* Project object */ = {
			isa = PBXProject;
			attributes = {
				BuildIndependentTargetsInParallel = 1;
				LastSwiftUpdateCheck = 1520;
				LastUpgradeCheck = 1520;
				TargetAttributes = {
					042FA5C92B57FD7300C44809 = {
						CreatedOnToolsVersion = 15.2;
					};
					042FA5E32B58347600C44809 = {
						CreatedOnToolsVersion = 15.2;
						TestTargetID = 042FA5C92B57FD7300C44809;
					};
				};
			};
			buildConfigurationList = 042FA5C52B57FD7300C44809 /* Build configuration list for PBXProject "Bullseye" */;
			compatibilityVersion = "Xcode 14.0";
			developmentRegion = en;
			hasScannedForEncodings = 0;
			knownRegions = (
				en,
				Base,
			);
			mainGroup = 042FA5C12B57FD7300C44809;
			productRefGroup = 042FA5CB2B57FD7300C44809 /* Products */;
			projectDirPath = "";
			projectRoot = "";
			targets = (
				042FA5C92B57FD7300C44809 /* Bullseye */,
				042FA5E32B58347600C44809 /* BullseyeTests */,
			);
		};
/* End PBXProject section */

/* Begin PBXResourcesBuildPhase section */
		042FA5C82B57FD7300C44809 /* Resources */ = {
			isa = PBXResourcesBuildPhase;
			buildActionMask = 2147483647;
			files = (
				042FA5D22B57FD7500C44809 /* Assets.xcassets in Resources */,
			);
			runOnlyForDeploymentPostprocessing = 0;
		};
		042FA5E22B58347600C44809 /* Resources */ = {
			isa = PBXResourcesBuildPhase;
			buildActionMask = 2147483647;
			files = (
				04B368D42B603B1200C46F90 /* Preview Assets.xcassets in Resources */,
			);
			runOnlyForDeploymentPostprocessing = 0;
		};
/* End PBXResourcesBuildPhase section */

/* Begin PBXSourcesBuildPhase section */
		042FA5C62B57FD7300C44809 /* Sources */ = {
			isa = PBXSourcesBuildPhase;
			buildActionMask = 2147483647;
			files = (
				0477763C2B5A985100BB3081 /* RoundedViews.swift in Sources */,
				042FA5D02B57FD7300C44809 /* ContentView.swift in Sources */,
				042FA5F12B59602600C44809 /* TextViews.swift in Sources */,
				049865862B72B31600F5A79D /* PointsView.swift in Sources */,
				04E42BDD2B76B82700941373 /* LeaderBoardView.swift in Sources */,
				0477763E2B5AAA5800BB3081 /* BackgroundView.swift in Sources */,
				047776382B5A8B0400BB3081 /* Shapes.swift in Sources */,
				042FA5DF2B582C2A00C44809 /* Game.swift in Sources */,
				042FA5CE2B57FD7300C44809 /* BullseyeApp.swift in Sources */,
				042ABC342B7526F6009241F2 /* Constants.swift in Sources */,
			);
			runOnlyForDeploymentPostprocessing = 0;
		};
		042FA5E02B58347600C44809 /* Sources */ = {
			isa = PBXSourcesBuildPhase;
			buildActionMask = 2147483647;
			files = (
				042FA5E72B58347600C44809 /* BullseyeTests.swift in Sources */,
			);
			runOnlyForDeploymentPostprocessing = 0;
		};
/* End PBXSourcesBuildPhase section */

/* Begin PBXTargetDependency section */
		042FA5E92B58347600C44809 /* PBXTargetDependency */ = {
			isa = PBXTargetDependency;
			target = 042FA5C92B57FD7300C44809 /* Bullseye */;
			targetProxy = 042FA5E82B58347600C44809 /* PBXContainerItemProxy */;
		};
/* End PBXTargetDependency section */

/* Begin XCBuildConfiguration section */
		042FA5D62B57FD7500C44809 /* Debug */ = {
			isa = XCBuildConfiguration;
			buildSettings = {
				ALWAYS_SEARCH_USER_PATHS = NO;
				ASSETCATALOG_COMPILER_GENERATE_SWIFT_ASSET_SYMBOL_EXTENSIONS = YES;
				CLANG_ANALYZER_NONNULL = YES;
				CLANG_ANALYZER_NUMBER_OBJECT_CONVERSION = YES_AGGRESSIVE;
				CLANG_CXX_LANGUAGE_STANDARD = "gnu++20";
				CLANG_ENABLE_MODULES = YES;
				CLANG_ENABLE_OBJC_ARC = YES;
				CLANG_ENABLE_OBJC_WEAK = YES;
				CLANG_WARN_BLOCK_CAPTURE_AUTORELEASING = YES;
				CLANG_WARN_BOOL_CONVERSION = YES;
				CLANG_WARN_COMMA = YES;
				CLANG_WARN_CONSTANT_CONVERSION = YES;
				CLANG_WARN_DEPRECATED_OBJC_IMPLEMENTATIONS = YES;
				CLANG_WARN_DIRECT_OBJC_ISA_USAGE = YES_ERROR;
				CLANG_WARN_DOCUMENTATION_COMMENTS = YES;
				CLANG_WARN_EMPTY_BODY = YES;
				CLANG_WARN_ENUM_CONVERSION = YES;
				CLANG_WARN_INFINITE_RECURSION = YES;
				CLANG_WARN_INT_CONVERSION = YES;
				CLANG_WARN_NON_LITERAL_NULL_CONVERSION = YES;
				CLANG_WARN_OBJC_IMPLICIT_RETAIN_SELF = YES;
				CLANG_WARN_OBJC_LITERAL_CONVERSION = YES;
				CLANG_WARN_OBJC_ROOT_CLASS = YES_ERROR;
				CLANG_WARN_QUOTED_INCLUDE_IN_FRAMEWORK_HEADER = YES;
				CLANG_WARN_RANGE_LOOP_ANALYSIS = YES;
				CLANG_WARN_STRICT_PROTOTYPES = YES;
				CLANG_WARN_SUSPICIOUS_MOVE = YES;
				CLANG_WARN_UNGUARDED_AVAILABILITY = YES_AGGRESSIVE;
				CLANG_WARN_UNREACHABLE_CODE = YES;
				CLANG_WARN__DUPLICATE_METHOD_MATCH = YES;
				COPY_PHASE_STRIP = NO;
				DEBUG_INFORMATION_FORMAT = dwarf;
				ENABLE_STRICT_OBJC_MSGSEND = YES;
				ENABLE_TESTABILITY = YES;
				ENABLE_USER_SCRIPT_SANDBOXING = YES;
				GCC_C_LANGUAGE_STANDARD = gnu17;
				GCC_DYNAMIC_NO_PIC = NO;
				GCC_NO_COMMON_BLOCKS = YES;
				GCC_OPTIMIZATION_LEVEL = 0;
				GCC_PREPROCESSOR_DEFINITIONS = (
					"DEBUG=1",
					"$(inherited)",
				);
				GCC_WARN_64_TO_32_BIT_CONVERSION = YES;
				GCC_WARN_ABOUT_RETURN_TYPE = YES_ERROR;
				GCC_WARN_UNDECLARED_SELECTOR = YES;
				GCC_WARN_UNINITIALIZED_AUTOS = YES_AGGRESSIVE;
				GCC_WARN_UNUSED_FUNCTION = YES;
				GCC_WARN_UNUSED_VARIABLE = YES;
				IPHONEOS_DEPLOYMENT_TARGET = 17.2;
				LOCALIZATION_PREFERS_STRING_CATALOGS = YES;
				MTL_ENABLE_DEBUG_INFO = INCLUDE_SOURCE;
				MTL_FAST_MATH = YES;
				ONLY_ACTIVE_ARCH = YES;
				SDKROOT = iphoneos;
				SWIFT_ACTIVE_COMPILATION_CONDITIONS = "DEBUG $(inherited)";
				SWIFT_OPTIMIZATION_LEVEL = "-Onone";
			};
			name = Debug;
		};
		042FA5D72B57FD7500C44809 /* Release */ = {
			isa = XCBuildConfiguration;
			buildSettings = {
				ALWAYS_SEARCH_USER_PATHS = NO;
				ASSETCATALOG_COMPILER_GENERATE_SWIFT_ASSET_SYMBOL_EXTENSIONS = YES;
				CLANG_ANALYZER_NONNULL = YES;
				CLANG_ANALYZER_NUMBER_OBJECT_CONVERSION = YES_AGGRESSIVE;
				CLANG_CXX_LANGUAGE_STANDARD = "gnu++20";
				CLANG_ENABLE_MODULES = YES;
				CLANG_ENABLE_OBJC_ARC = YES;
				CLANG_ENABLE_OBJC_WEAK = YES;
				CLANG_WARN_BLOCK_CAPTURE_AUTORELEASING = YES;
				CLANG_WARN_BOOL_CONVERSION = YES;
				CLANG_WARN_COMMA = YES;
				CLANG_WARN_CONSTANT_CONVERSION = YES;
				CLANG_WARN_DEPRECATED_OBJC_IMPLEMENTATIONS = YES;
				CLANG_WARN_DIRECT_OBJC_ISA_USAGE = YES_ERROR;
				CLANG_WARN_DOCUMENTATION_COMMENTS = YES;
				CLANG_WARN_EMPTY_BODY = YES;
				CLANG_WARN_ENUM_CONVERSION = YES;
				CLANG_WARN_INFINITE_RECURSION = YES;
				CLANG_WARN_INT_CONVERSION = YES;
				CLANG_WARN_NON_LITERAL_NULL_CONVERSION = YES;
				CLANG_WARN_OBJC_IMPLICIT_RETAIN_SELF = YES;
				CLANG_WARN_OBJC_LITERAL_CONVERSION = YES;
				CLANG_WARN_OBJC_ROOT_CLASS = YES_ERROR;
				CLANG_WARN_QUOTED_INCLUDE_IN_FRAMEWORK_HEADER = YES;
				CLANG_WARN_RANGE_LOOP_ANALYSIS = YES;
				CLANG_WARN_STRICT_PROTOTYPES = YES;
				CLANG_WARN_SUSPICIOUS_MOVE = YES;
				CLANG_WARN_UNGUARDED_AVAILABILITY = YES_AGGRESSIVE;
				CLANG_WARN_UNREACHABLE_CODE = YES;
				CLANG_WARN__DUPLICATE_METHOD_MATCH = YES;
				COPY_PHASE_STRIP = NO;
				DEBUG_INFORMATION_FORMAT = "dwarf-with-dsym";
				ENABLE_NS_ASSERTIONS = NO;
				ENABLE_STRICT_OBJC_MSGSEND = YES;
				ENABLE_USER_SCRIPT_SANDBOXING = YES;
				GCC_C_LANGUAGE_STANDARD = gnu17;
				GCC_NO_COMMON_BLOCKS = YES;
				GCC_WARN_64_TO_32_BIT_CONVERSION = YES;
				GCC_WARN_ABOUT_RETURN_TYPE = YES_ERROR;
				GCC_WARN_UNDECLARED_SELECTOR = YES;
				GCC_WARN_UNINITIALIZED_AUTOS = YES_AGGRESSIVE;
				GCC_WARN_UNUSED_FUNCTION = YES;
				GCC_WARN_UNUSED_VARIABLE = YES;
				IPHONEOS_DEPLOYMENT_TARGET = 17.2;
				LOCALIZATION_PREFERS_STRING_CATALOGS = YES;
				MTL_ENABLE_DEBUG_INFO = NO;
				MTL_FAST_MATH = YES;
				SDKROOT = iphoneos;
				SWIFT_COMPILATION_MODE = wholemodule;
				VALIDATE_PRODUCT = YES;
			};
			name = Release;
		};
		042FA5D92B57FD7500C44809 /* Debug */ = {
			isa = XCBuildConfiguration;
			buildSettings = {
				ASSETCATALOG_COMPILER_APPICON_NAME = AppIcon;
				ASSETCATALOG_COMPILER_GLOBAL_ACCENT_COLOR_NAME = AccentColor;
				CODE_SIGN_STYLE = Automatic;
				CURRENT_PROJECT_VERSION = 1;
				DEVELOPMENT_ASSET_PATHS = "\"Bullseye/Preview Content\"";
				DEVELOPMENT_TEAM = M87Y3QDDY3;
				EMBED_ASSET_PACKS_IN_PRODUCT_BUNDLE = NO;
				ENABLE_PREVIEWS = YES;
				GENERATE_INFOPLIST_FILE = YES;
				INFOPLIST_KEY_CFBundleDisplayName = "Bull's Eye";
				INFOPLIST_KEY_UIApplicationSceneManifest_Generation = YES;
				INFOPLIST_KEY_UIApplicationSupportsIndirectInputEvents = YES;
				INFOPLIST_KEY_UILaunchScreen_Generation = YES;
				INFOPLIST_KEY_UISupportedInterfaceOrientations_iPad = "UIInterfaceOrientationPortrait UIInterfaceOrientationPortraitUpsideDown UIInterfaceOrientationLandscapeLeft UIInterfaceOrientationLandscapeRight";
				INFOPLIST_KEY_UISupportedInterfaceOrientations_iPhone = "UIInterfaceOrientationPortrait UIInterfaceOrientationLandscapeLeft UIInterfaceOrientationLandscapeRight";
				LD_RUNPATH_SEARCH_PATHS = (
					"$(inherited)",
					"@executable_path/Frameworks",
				);
				MARKETING_VERSION = 1.0;
				PRODUCT_BUNDLE_IDENTIFIER = Com.Mudryk.Bullseye;
				PRODUCT_NAME = "$(TARGET_NAME)";
				SWIFT_EMIT_LOC_STRINGS = YES;
				SWIFT_VERSION = 5.0;
				TARGETED_DEVICE_FAMILY = "1,2";
			};
			name = Debug;
		};
		042FA5DA2B57FD7500C44809 /* Release */ = {
			isa = XCBuildConfiguration;
			buildSettings = {
				ASSETCATALOG_COMPILER_APPICON_NAME = AppIcon;
				ASSETCATALOG_COMPILER_GLOBAL_ACCENT_COLOR_NAME = AccentColor;
				CODE_SIGN_STYLE = Automatic;
				CURRENT_PROJECT_VERSION = 1;
				DEVELOPMENT_ASSET_PATHS = "\"Bullseye/Preview Content\"";
				DEVELOPMENT_TEAM = M87Y3QDDY3;
				EMBED_ASSET_PACKS_IN_PRODUCT_BUNDLE = NO;
				ENABLE_PREVIEWS = YES;
				GENERATE_INFOPLIST_FILE = YES;
				INFOPLIST_KEY_CFBundleDisplayName = "Bull's Eye";
				INFOPLIST_KEY_UIApplicationSceneManifest_Generation = YES;
				INFOPLIST_KEY_UIApplicationSupportsIndirectInputEvents = YES;
				INFOPLIST_KEY_UILaunchScreen_Generation = YES;
				INFOPLIST_KEY_UISupportedInterfaceOrientations_iPad = "UIInterfaceOrientationPortrait UIInterfaceOrientationPortraitUpsideDown UIInterfaceOrientationLandscapeLeft UIInterfaceOrientationLandscapeRight";
				INFOPLIST_KEY_UISupportedInterfaceOrientations_iPhone = "UIInterfaceOrientationPortrait UIInterfaceOrientationLandscapeLeft UIInterfaceOrientationLandscapeRight";
				LD_RUNPATH_SEARCH_PATHS = (
					"$(inherited)",
					"@executable_path/Frameworks",
				);
				MARKETING_VERSION = 1.0;
				PRODUCT_BUNDLE_IDENTIFIER = Com.Mudryk.Bullseye;
				PRODUCT_NAME = "$(TARGET_NAME)";
				SWIFT_EMIT_LOC_STRINGS = YES;
				SWIFT_VERSION = 5.0;
				TARGETED_DEVICE_FAMILY = "1,2";
			};
			name = Release;
		};
		042FA5EB2B58347600C44809 /* Debug */ = {
			isa = XCBuildConfiguration;
			buildSettings = {
				BUNDLE_LOADER = "$(TEST_HOST)";
				CODE_SIGN_STYLE = Automatic;
				CURRENT_PROJECT_VERSION = 1;
				DEVELOPMENT_TEAM = M87Y3QDDY3;
				GENERATE_INFOPLIST_FILE = YES;
				IPHONEOS_DEPLOYMENT_TARGET = 17.2;
				MACOSX_DEPLOYMENT_TARGET = 14.2;
				MARKETING_VERSION = 1.0;
				PRODUCT_BUNDLE_IDENTIFIER = Com.Mudryk.BullseyeTests;
				PRODUCT_NAME = "$(TARGET_NAME)";
				SDKROOT = auto;
				SUPPORTED_PLATFORMS = "iphoneos iphonesimulator macosx";
				SWIFT_EMIT_LOC_STRINGS = NO;
				SWIFT_VERSION = 5.0;
				TARGETED_DEVICE_FAMILY = "1,2";
				TEST_HOST = "$(BUILT_PRODUCTS_DIR)/Bullseye.app/$(BUNDLE_EXECUTABLE_FOLDER_PATH)/Bullseye";
			};
			name = Debug;
		};
		042FA5EC2B58347600C44809 /* Release */ = {
			isa = XCBuildConfiguration;
			buildSettings = {
				BUNDLE_LOADER = "$(TEST_HOST)";
				CODE_SIGN_STYLE = Automatic;
				CURRENT_PROJECT_VERSION = 1;
				DEVELOPMENT_TEAM = M87Y3QDDY3;
				GENERATE_INFOPLIST_FILE = YES;
				IPHONEOS_DEPLOYMENT_TARGET = 17.2;
				MACOSX_DEPLOYMENT_TARGET = 14.2;
				MARKETING_VERSION = 1.0;
				PRODUCT_BUNDLE_IDENTIFIER = Com.Mudryk.BullseyeTests;
				PRODUCT_NAME = "$(TARGET_NAME)";
				SDKROOT = auto;
				SUPPORTED_PLATFORMS = "iphoneos iphonesimulator macosx";
				SWIFT_EMIT_LOC_STRINGS = NO;
				SWIFT_VERSION = 5.0;
				TARGETED_DEVICE_FAMILY = "1,2";
				TEST_HOST = "$(BUILT_PRODUCTS_DIR)/Bullseye.app/$(BUNDLE_EXECUTABLE_FOLDER_PATH)/Bullseye";
			};
			name = Release;
		};
/* End XCBuildConfiguration section */

/* Begin XCConfigurationList section */
		042FA5C52B57FD7300C44809 /* Build configuration list for PBXProject "Bullseye" */ = {
			isa = XCConfigurationList;
			buildConfigurations = (
				042FA5D62B57FD7500C44809 /* Debug */,
				042FA5D72B57FD7500C44809 /* Release */,
			);
			defaultConfigurationIsVisible = 0;
			defaultConfigurationName = Release;
		};
		042FA5D82B57FD7500C44809 /* Build configuration list for PBXNativeTarget "Bullseye" */ = {
			isa = XCConfigurationList;
			buildConfigurations = (
				042FA5D92B57FD7500C44809 /* Debug */,
				042FA5DA2B57FD7500C44809 /* Release */,
			);
			defaultConfigurationIsVisible = 0;
			defaultConfigurationName = Release;
		};
		042FA5EA2B58347600C44809 /* Build configuration list for PBXNativeTarget "BullseyeTests" */ = {
			isa = XCConfigurationList;
			buildConfigurations = (
				042FA5EB2B58347600C44809 /* Debug */,
				042FA5EC2B58347600C44809 /* Release */,
			);
			defaultConfigurationIsVisible = 0;
			defaultConfigurationName = Release;
		};
/* End XCConfigurationList section */
	};
	rootObject = 042FA5C22B57FD7300C44809 /* Project object */;
}
